
Microsoft Visual Studio Solution File, Format Version 12.00
# Visual Studio 15
VisualStudioVersion = 15.0.27004.2002
MinimumVisualStudioVersion = 10.0.40219.1
Project("{FAE04EC0-301F-11D3-BF4B-00C04F79EFBC}") = "Container", "Container\Container.csproj", "{F78F8F1E-13DF-4C9C-BF80-CCF620975740}"
EndProject
Global
	GlobalSection(SolutionConfigurationPlatforms) = preSolution
		Debug|Any CPU = Debug|Any CPU
		Release|Any CPU = Release|Any CPU
	EndGlobalSection
	GlobalSection(ProjectConfigurationPlatforms) = postSolution
		{F78F8F1E-13DF-4C9C-BF80-CCF620975740}.Debug|Any CPU.ActiveCfg = Debug|Any CPU
		{F78F8F1E-13DF-4C9C-BF80-CCF620975740}.Debug|Any CPU.Build.0 = Debug|Any CPU
		{F78F8F1E-13DF-4C9C-BF80-CCF620975740}.Release|Any CPU.ActiveCfg = Release|Any CPU
		{F78F8F1E-13DF-4C9C-BF80-CCF620975740}.Release|Any CPU.Build.0 = Release|Any CPU
	EndGlobalSection
	GlobalSection(SolutionProperties) = preSolution
		HideSolutionNode = FALSE
	EndGlobalSection
	GlobalSection(ExtensibilityGlobals) = postSolution
		SolutionGuid = {26AC8524-7E40-44C7-AA9A-03DD675C28E7}
	EndGlobalSection
	GlobalSection(TeamFoundationVersionControl) = preSolution
		SccNumberOfProjects = 2
		SccEnterpriseProvider = {4CA58AB2-18FA-4F8D-95D4-32DDF27D184C}
		SccTeamFoundationServer = https://pedrinprojects.visualstudio.com/
		SccLocalPath0 = .
		SccProjectUniqueName1 = Container\\Container.csproj
		SccProjectName1 = Container
		SccLocalPath1 = Container
	EndGlobalSection
EndGlobal
